// !$*UTF8*$!
{
	archiveVersion = 1;
	classes = {
	};
	objectVersion = 50;
	objects = {

/* Begin PBXBuildFile section */
		9771F96024C5472900AC352D /* NextController.swift in Sources */ = {isa = PBXBuildFile; fileRef = 9771F95F24C5472900AC352D /* NextController.swift */; };
		9771F96524C5544400AC352D /* adAstra.jpg in Resources */ = {isa = PBXBuildFile; fileRef = 9771F96124C5544400AC352D /* adAstra.jpg */; };
		9771F96624C5544400AC352D /* aviator.jpg in Resources */ = {isa = PBXBuildFile; fileRef = 9771F96224C5544400AC352D /* aviator.jpg */; };
		9771F96724C5544400AC352D /* interstellar.jpg in Resources */ = {isa = PBXBuildFile; fileRef = 9771F96324C5544400AC352D /* interstellar.jpg */; };
		9771F96824C5544400AC352D /* gravity.jpg in Resources */ = {isa = PBXBuildFile; fileRef = 9771F96424C5544400AC352D /* gravity.jpg */; };
		97BFA3AF24C4AE9F005AACA9 /* AppDelegate.swift in Sources */ = {isa = PBXBuildFile; fileRef = 97BFA3AE24C4AE9F005AACA9 /* AppDelegate.swift */; };
		97BFA3B124C4AE9F005AACA9 /* SceneDelegate.swift in Sources */ = {isa = PBXBuildFile; fileRef = 97BFA3B024C4AE9F005AACA9 /* SceneDelegate.swift */; };
		97BFA3B324C4AE9F005AACA9 /* ViewController.swift in Sources */ = {isa = PBXBuildFile; fileRef = 97BFA3B224C4AE9F005AACA9 /* ViewController.swift */; };
		97BFA3B624C4AE9F005AACA9 /* Main.storyboard in Resources */ = {isa = PBXBuildFile; fileRef = 97BFA3B424C4AE9F005AACA9 /* Main.storyboard */; };
		97BFA3B824C4AEA0005AACA9 /* Assets.xcassets in Resources */ = {isa = PBXBuildFile; fileRef = 97BFA3B724C4AEA0005AACA9 /* Assets.xcassets */; };
		97BFA3BB24C4AEA0005AACA9 /* LaunchScreen.storyboard in Resources */ = {isa = PBXBuildFile; fileRef = 97BFA3B924C4AEA0005AACA9 /* LaunchScreen.storyboard */; };
/* End PBXBuildFile section */

/* Begin PBXFileReference section */
		9771F95F24C5472900AC352D /* NextController.swift */ = {isa = PBXFileReference; lastKnownFileType = sourcecode.swift; path = NextController.swift; sourceTree = "<group>"; };
		9771F96124C5544400AC352D /* adAstra.jpg */ = {isa = PBXFileReference; lastKnownFileType = image.jpeg; name = adAstra.jpg; path = movies/adAstra.jpg; sourceTree = "<group>"; };
		9771F96224C5544400AC352D /* aviator.jpg */ = {isa = PBXFileReference; lastKnownFileType = image.jpeg; name = aviator.jpg; path = movies/aviator.jpg; sourceTree = "<group>"; };
		9771F96324C5544400AC352D /* interstellar.jpg */ = {isa = PBXFileReference; lastKnownFileType = image.jpeg; name = interstellar.jpg; path = movies/interstellar.jpg; sourceTree = "<group>"; };
		9771F96424C5544400AC352D /* gravity.jpg */ = {isa = PBXFileReference; lastKnownFileType = image.jpeg; name = gravity.jpg; path = movies/gravity.jpg; sourceTree = "<group>"; };
		97BFA3AB24C4AE9F005AACA9 /* Assignment4.app */ = {isa = PBXFileReference; explicitFileType = wrapper.application; includeInIndex = 0; path = Assignment4.app; sourceTree = BUILT_PRODUCTS_DIR; };
		97BFA3AE24C4AE9F005AACA9 /* AppDelegate.swift */ = {isa = PBXFileReference; lastKnownFileType = sourcecode.swift; path = AppDelegate.swift; sourceTree = "<group>"; };
		97BFA3B024C4AE9F005AACA9 /* SceneDelegate.swift */ = {isa = PBXFileReference; lastKnownFileType = sourcecode.swift; path = SceneDelegate.swift; sourceTree = "<group>"; };
		97BFA3B224C4AE9F005AACA9 /* ViewController.swift */ = {isa = PBXFileReference; lastKnownFileType = sourcecode.swift; path = ViewController.swift; sourceTree = "<group>"; };
		97BFA3B524C4AE9F005AACA9 /* Base */ = {isa = PBXFileReference; lastKnownFileType = file.storyboard; name = Base; path = Base.lproj/Main.storyboard; sourceTree = "<group>"; };
		97BFA3B724C4AEA0005AACA9 /* Assets.xcassets */ = {isa = PBXFileReference; lastKnownFileType = folder.assetcatalog; path = Assets.xcassets; sourceTree = "<group>"; };
		97BFA3BA24C4AEA0005AACA9 /* Base */ = {isa = PBXFileReference; lastKnownFileType = file.storyboard; name = Base; path = Base.lproj/LaunchScreen.storyboard; sourceTree = "<group>"; };
		97BFA3BC24C4AEA0005AACA9 /* Info.plist */ = {isa = PBXFileReference; lastKnownFileType = text.plist.xml; path = Info.plist; sourceTree = "<group>"; };
/* End PBXFileReference section */

/* Begin PBXFrameworksBuildPhase section */
		97BFA3A824C4AE9F005AACA9 /* Frameworks */ = {
			isa = PBXFrameworksBuildPhase;
			buildActionMask = 2147483647;
			files = (
			);
			runOnlyForDeploymentPostprocessing = 0;
		};
/* End PBXFrameworksBuildPhase section */

/* Begin PBXGroup section */
		97BFA3A224C4AE9F005AACA9 = {
			isa = PBXGroup;
			children = (
				97BFA3AD24C4AE9F005AACA9 /* Assignment4 */,
			);
			sourceTree = "<group>";
		};
		97BFA3AC24C4AE9F005AACA9 /* Products */ = {
			isa = PBXGroup;
			children = (
				97BFA3AB24C4AE9F005AACA9 /* Assignment4.app */,
			);
			name = Products;
			path = ..;
			sourceTree = "<group>";
		};
		97BFA3AD24C4AE9F005AACA9 /* Assignment4 */ = {
			isa = PBXGroup;
			children = (
				97BFA3AE24C4AE9F005AACA9 /* AppDelegate.swift */,
				97BFA3B024C4AE9F005AACA9 /* SceneDelegate.swift */,
				97BFA3B224C4AE9F005AACA9 /* ViewController.swift */,
				9771F95F24C5472900AC352D /* NextController.swift */,
				97BFA3B424C4AE9F005AACA9 /* Main.storyboard */,
				97BFA3B724C4AEA0005AACA9 /* Assets.xcassets */,
				97BFA3B924C4AEA0005AACA9 /* LaunchScreen.storyboard */,
				97BFA3BC24C4AEA0005AACA9 /* Info.plist */,
				9771F96124C5544400AC352D /* adAstra.jpg */,
				9771F96224C5544400AC352D /* aviator.jpg */,
				9771F96424C5544400AC352D /* gravity.jpg */,
				9771F96324C5544400AC352D /* interstellar.jpg */,
				97BFA3AC24C4AE9F005AACA9 /* Products */,
			);
			path = Assignment4;
			sourceTree = "<group>";
		};
/* End PBXGroup section */

/* Begin PBXNativeTarget section */
		97BFA3AA24C4AE9F005AACA9 /* Assignment4 */ = {
			isa = PBXNativeTarget;
			buildConfigurationList = 97BFA3BF24C4AEA0005AACA9 /* Build configuration list for PBXNativeTarget "Assignment4" */;
			buildPhases = (
				97BFA3A724C4AE9F005AACA9 /* Sources */,
				97BFA3A824C4AE9F005AACA9 /* Frameworks */,
				97BFA3A924C4AE9F005AACA9 /* Resources */,
			);
			buildRules = (
			);
			dependencies = (
			);
			name = Assignment4;
			productName = Assignment4;
			productReference = 97BFA3AB24C4AE9F005AACA9 /* Assignment4.app */;
			productType = "com.apple.product-type.application";
		};
/* End PBXNativeTarget section */

/* Begin PBXProject section */
		97BFA3A324C4AE9F005AACA9 /* Project object */ = {
			isa = PBXProject;
			attributes = {
				LastSwiftUpdateCheck = 1130;
				LastUpgradeCheck = 1130;
				ORGANIZATIONNAME = "Francis Jann Fuentebella";
				TargetAttributes = {
					97BFA3AA24C4AE9F005AACA9 = {
						CreatedOnToolsVersion = 11.3.1;
					};
				};
			};
			buildConfigurationList = 97BFA3A624C4AE9F005AACA9 /* Build configuration list for PBXProject "Assignment4" */;
			compatibilityVersion = "Xcode 9.3";
			developmentRegion = en;
			hasScannedForEncodings = 0;
			knownRegions = (
				en,
				Base,
			);
			mainGroup = 97BFA3A224C4AE9F005AACA9;
			productRefGroup = 97BFA3AC24C4AE9F005AACA9 /* Products */;
			projectDirPath = "";
			projectRoot = "";
			targets = (
				97BFA3AA24C4AE9F005AACA9 /* Assignment4 */,
			);
		};
/* End PBXProject section */

/* Begin PBXResourcesBuildPhase section */
		97BFA3A924C4AE9F005AACA9 /* Resources */ = {
			isa = PBXResourcesBuildPhase;
			buildActionMask = 2147483647;
			files = (
				9771F96824C5544400AC352D /* gravity.jpg in Resources */,
				97BFA3BB24C4AEA0005AACA9 /* LaunchScreen.storyboard in Resources */,
				97BFA3B824C4AEA0005AACA9 /* Assets.xcassets in Resources */,
				9771F96724C5544400AC352D /* interstellar.jpg in Resources */,
				9771F96524C5544400AC352D /* adAstra.jpg in Resources */,
				97BFA3B624C4AE9F005AACA9 /* Main.storyboard in Resources */,
				9771F96624C5544400AC352D /* aviator.jpg in Resources */,
			);
			runOnlyForDeploymentPostprocessing = 0;
		};
/* End PBXResourcesBuildPhase section */

/* Begin PBXSourcesBuildPhase section */
		97BFA3A724C4AE9F005AACA9 /* Sources */ = {
			isa = PBXSourcesBuildPhase;
			buildActionMask = 2147483647;
			files = (
				97BFA3B324C4AE9F005AACA9 /* ViewController.swift in Sources */,
				97BFA3AF24C4AE9F005AACA9 /* AppDelegate.swift in Sources */,
				9771F96024C5472900AC352D /* NextController.swift in Sources */,
				97BFA3B124C4AE9F005AACA9 /* SceneDelegate.swift in Sources */,
			);
			runOnlyForDeploymentPostprocessing = 0;
		};
/* End PBXSourcesBuildPhase section */

/* Begin PBXVariantGroup section */
		97BFA3B424C4AE9F005AACA9 /* Main.storyboard */ = {
			isa = PBXVariantGroup;
			children = (
				97BFA3B524C4AE9F005AACA9 /* Base */,
			);
			name = Main.storyboard;
			sourceTree = "<group>";
		};
		97BFA3B924C4AEA0005AACA9 /* LaunchScreen.storyboard */ = {
			isa = PBXVariantGroup;
			children = (
				97BFA3BA24C4AEA0005AACA9 /* Base */,
			);
			name = LaunchScreen.storyboard;
			sourceTree = "<group>";
		};
/* End PBXVariantGroup section */

/* Begin XCBuildConfiguration section */
		97BFA3BD24C4AEA0005AACA9 /* Debug */ = {
			isa = XCBuildConfiguration;
			buildSettings = {
				ALWAYS_SEARCH_USER_PATHS = NO;
				CLANG_ANALYZER_NONNULL = YES;
				CLANG_ANALYZER_NUMBER_OBJECT_CONVERSION = YES_AGGRESSIVE;
				CLANG_CXX_LANGUAGE_STANDARD = "gnu++14";
				CLANG_CXX_LIBRARY = "libc++";
				CLANG_ENABLE_MODULES = YES;
				CLANG_ENABLE_OBJC_ARC = YES;
				CLANG_ENABLE_OBJC_WEAK = YES;
				CLANG_WARN_BLOCK_CAPTURE_AUTORELEASING = YES;
				CLANG_WARN_BOOL_CONVERSION = YES;
				CLANG_WARN_COMMA = YES;
				CLANG_WARN_CONSTANT_CONVERSION = YES;
				CLANG_WARN_DEPRECATED_OBJC_IMPLEMENTATIONS = YES;
				CLANG_WARN_DIRECT_OBJC_ISA_USAGE = YES_ERROR;
				CLANG_WARN_DOCUMENTATION_COMMENTS = YES;
				CLANG_WARN_EMPTY_BODY = YES;
				CLANG_WARN_ENUM_CONVERSION = YES;
				CLANG_WARN_INFINITE_RECURSION = YES;
				CLANG_WARN_INT_CONVERSION = YES;
				CLANG_WARN_NON_LITERAL_NULL_CONVERSION = YES;
				CLANG_WARN_OBJC_IMPLICIT_RETAIN_SELF = YES;
				CLANG_WARN_OBJC_LITERAL_CONVERSION = YES;
				CLANG_WARN_OBJC_ROOT_CLASS = YES_ERROR;
				CLANG_WARN_RANGE_LOOP_ANALYSIS = YES;
				CLANG_WARN_STRICT_PROTOTYPES = YES;
				CLANG_WARN_SUSPICIOUS_MOVE = YES;
				CLANG_WARN_UNGUARDED_AVAILABILITY = YES_AGGRESSIVE;
				CLANG_WARN_UNREACHABLE_CODE = YES;
				CLANG_WARN__DUPLICATE_METHOD_MATCH = YES;
				COPY_PHASE_STRIP = NO;
				DEBUG_INFORMATION_FORMAT = dwarf;
				ENABLE_STRICT_OBJC_MSGSEND = YES;
				ENABLE_TESTABILITY = YES;
				GCC_C_LANGUAGE_STANDARD = gnu11;
				GCC_DYNAMIC_NO_PIC = NO;
				GCC_NO_COMMON_BLOCKS = YES;
				GCC_OPTIMIZATION_LEVEL = 0;
				GCC_PREPROCESSOR_DEFINITIONS = (
					"DEBUG=1",
					"$(inherited)",
				);
				GCC_WARN_64_TO_32_BIT_CONVERSION = YES;
				GCC_WARN_ABOUT_RETURN_TYPE = YES_ERROR;
				GCC_WARN_UNDECLARED_SELECTOR = YES;
				GCC_WARN_UNINITIALIZED_AUTOS = YES_AGGRESSIVE;
				GCC_WARN_UNUSED_FUNCTION = YES;
				GCC_WARN_UNUSED_VARIABLE = YES;
				IPHONEOS_DEPLOYMENT_TARGET = 13.2;
				MTL_ENABLE_DEBUG_INFO = INCLUDE_SOURCE;
				MTL_FAST_MATH = YES;
				ONLY_ACTIVE_ARCH = YES;
				SDKROOT = iphoneos;
				SWIFT_ACTIVE_COMPILATION_CONDITIONS = DEBUG;
				SWIFT_OPTIMIZATION_LEVEL = "-Onone";
			};
			name = Debug;
		};
		97BFA3BE24C4AEA0005AACA9 /* Release */ = {
			isa = XCBuildConfiguration;
			buildSettings = {
				ALWAYS_SEARCH_USER_PATHS = NO;
				CLANG_ANALYZER_NONNULL = YES;
				CLANG_ANALYZER_NUMBER_OBJECT_CONVERSION = YES_AGGRESSIVE;
				CLANG_CXX_LANGUAGE_STANDARD = "gnu++14";
				CLANG_CXX_LIBRARY = "libc++";
				CLANG_ENABLE_MODULES = YES;
				CLANG_ENABLE_OBJC_ARC = YES;
				CLANG_ENABLE_OBJC_WEAK = YES;
				CLANG_WARN_BLOCK_CAPTURE_AUTORELEASING = YES;
				CLANG_WARN_BOOL_CONVERSION = YES;
				CLANG_WARN_COMMA = YES;
				CLANG_WARN_CONSTANT_CONVERSION = YES;
				CLANG_WARN_DEPRECATED_OBJC_IMPLEMENTATIONS = YES;
				CLANG_WARN_DIRECT_OBJC_ISA_USAGE = YES_ERROR;
				CLANG_WARN_DOCUMENTATION_COMMENTS = YES;
				CLANG_WARN_EMPTY_BODY = YES;
				CLANG_WARN_ENUM_CONVERSION = YES;
				CLANG_WARN_INFINITE_RECURSION = YES;
				CLANG_WARN_INT_CONVERSION = YES;
				CLANG_WARN_NON_LITERAL_NULL_CONVERSION = YES;
				CLANG_WARN_OBJC_IMPLICIT_RETAIN_SELF = YES;
				CLANG_WARN_OBJC_LITERAL_CONVERSION = YES;
				CLANG_WARN_OBJC_ROOT_CLASS = YES_ERROR;
				CLANG_WARN_RANGE_LOOP_ANALYSIS = YES;
				CLANG_WARN_STRICT_PROTOTYPES = YES;
				CLANG_WARN_SUSPICIOUS_MOVE = YES;
				CLANG_WARN_UNGUARDED_AVAILABILITY = YES_AGGRESSIVE;
				CLANG_WARN_UNREACHABLE_CODE = YES;
				CLANG_WARN__DUPLICATE_METHOD_MATCH = YES;
				COPY_PHASE_STRIP = NO;
				DEBUG_INFORMATION_FORMAT = "dwarf-with-dsym";
				ENABLE_NS_ASSERTIONS = NO;
				ENABLE_STRICT_OBJC_MSGSEND = YES;
				GCC_C_LANGUAGE_STANDARD = gnu11;
				GCC_NO_COMMON_BLOCKS = YES;
				GCC_WARN_64_TO_32_BIT_CONVERSION = YES;
				GCC_WARN_ABOUT_RETURN_TYPE = YES_ERROR;
				GCC_WARN_UNDECLARED_SELECTOR = YES;
				GCC_WARN_UNINITIALIZED_AUTOS = YES_AGGRESSIVE;
				GCC_WARN_UNUSED_FUNCTION = YES;
				GCC_WARN_UNUSED_VARIABLE = YES;
				IPHONEOS_DEPLOYMENT_TARGET = 13.2;
				MTL_ENABLE_DEBUG_INFO = NO;
				MTL_FAST_MATH = YES;
				SDKROOT = iphoneos;
				SWIFT_COMPILATION_MODE = wholemodule;
				SWIFT_OPTIMIZATION_LEVEL = "-O";
				VALIDATE_PRODUCT = YES;
			};
			name = Release;
		};
		97BFA3C024C4AEA0005AACA9 /* Debug */ = {
			isa = XCBuildConfiguration;
			buildSettings = {
				ASSETCATALOG_COMPILER_APPICON_NAME = AppIcon;
				CODE_SIGN_STYLE = Automatic;
				INFOPLIST_FILE = Assignment4/Info.plist;
				LD_RUNPATH_SEARCH_PATHS = (
					"$(inherited)",
					"@executable_path/Frameworks",
				);
				PRODUCT_BUNDLE_IDENTIFIER = "Georgian-College.Assignment4";
				PRODUCT_NAME = "$(TARGET_NAME)";
				SWIFT_VERSION = 5.0;
				TARGETED_DEVICE_FAMILY = "1,2";
			};
			name = Debug;
		};
		97BFA3C124C4AEA0005AACA9 /* Release */ = {
			isa = XCBuildConfiguration;
			buildSettings = {
				ASSETCATALOG_COMPILER_APPICON_NAME = AppIcon;
				CODE_SIGN_STYLE = Automatic;
				INFOPLIST_FILE = Assignment4/Info.plist;
				LD_RUNPATH_SEARCH_PATHS = (
					"$(inherited)",
					"@executable_path/Frameworks",
				);
				PRODUCT_BUNDLE_IDENTIFIER = "Georgian-College.Assignment4";
				PRODUCT_NAME = "$(TARGET_NAME)";
				SWIFT_VERSION = 5.0;
				TARGETED_DEVICE_FAMILY = "1,2";
			};
			name = Release;
		};
/* End XCBuildConfiguration section */

/* Begin XCConfigurationList section */
		97BFA3A624C4AE9F005AACA9 /* Build configuration list for PBXProject "Assignment4" */ = {
			isa = XCConfigurationList;
			buildConfigurations = (
				97BFA3BD24C4AEA0005AACA9 /* Debug */,
				97BFA3BE24C4AEA0005AACA9 /* Release */,
			);
			defaultConfigurationIsVisible = 0;
			defaultConfigurationName = Release;
		};
		97BFA3BF24C4AEA0005AACA9 /* Build configuration list for PBXNativeTarget "Assignment4" */ = {
			isa = XCConfigurationList;
			buildConfigurations = (
				97BFA3C024C4AEA0005AACA9 /* Debug */,
				97BFA3C124C4AEA0005AACA9 /* Release */,
			);
			defaultConfigurationIsVisible = 0;
			defaultConfigurationName = Release;
		};
/* End XCConfigurationList section */
	};
	rootObject = 97BFA3A324C4AE9F005AACA9 /* Project object */;
}
